
Microsoft Visual Studio Solution File, Format Version 12.00
# Visual Studio Version 17
VisualStudioVersion = 17.0.32112.339
MinimumVisualStudioVersion = 10.0.40219.1
Project("{FAE04EC0-301F-11D3-BF4B-00C04F79EFBC}") = "2dArray", "2dArray.csproj", "{3CD879EE-924B-431E-BB99-E8A39ADD7584}"
EndProject
Global
	GlobalSection(SolutionConfigurationPlatforms) = preSolution
		Debug|Any CPU = Debug|Any CPU
		Release|Any CPU = Release|Any CPU
	EndGlobalSection
	GlobalSection(ProjectConfigurationPlatforms) = postSolution
		{3CD879EE-924B-431E-BB99-E8A39ADD7584}.Debug|Any CPU.ActiveCfg = Debug|Any CPU
		{3CD879EE-924B-431E-BB99-E8A39ADD7584}.Debug|Any CPU.Build.0 = Debug|Any CPU
		{3CD879EE-924B-431E-BB99-E8A39ADD7584}.Release|Any CPU.ActiveCfg = Release|Any CPU
		{3CD879EE-924B-431E-BB99-E8A39ADD7584}.Release|Any CPU.Build.0 = Release|Any CPU
	EndGlobalSection
	GlobalSection(SolutionProperties) = preSolution
		HideSolutionNode = FALSE
	EndGlobalSection
	GlobalSection(ExtensibilityGlobals) = postSolution
		SolutionGuid = {8AAF088B-03E9-4DEF-8984-80AD530A7B69}
	EndGlobalSection
EndGlobal
