
Microsoft Visual Studio Solution File, Format Version 12.00
# Visual Studio Version 17
VisualStudioVersion = 17.0.32112.339
MinimumVisualStudioVersion = 10.0.40219.1
Project("{FAE04EC0-301F-11D3-BF4B-00C04F79EFBC}") = "ArrayProcessing", "ArrayProcessing.csproj", "{0EF3FCDE-73B2-465A-B1AE-6920E0CFCE6B}"
EndProject
Global
	GlobalSection(SolutionConfigurationPlatforms) = preSolution
		Debug|Any CPU = Debug|Any CPU
		Release|Any CPU = Release|Any CPU
	EndGlobalSection
	GlobalSection(ProjectConfigurationPlatforms) = postSolution
		{0EF3FCDE-73B2-465A-B1AE-6920E0CFCE6B}.Debug|Any CPU.ActiveCfg = Debug|Any CPU
		{0EF3FCDE-73B2-465A-B1AE-6920E0CFCE6B}.Debug|Any CPU.Build.0 = Debug|Any CPU
		{0EF3FCDE-73B2-465A-B1AE-6920E0CFCE6B}.Release|Any CPU.ActiveCfg = Release|Any CPU
		{0EF3FCDE-73B2-465A-B1AE-6920E0CFCE6B}.Release|Any CPU.Build.0 = Release|Any CPU
	EndGlobalSection
	GlobalSection(SolutionProperties) = preSolution
		HideSolutionNode = FALSE
	EndGlobalSection
	GlobalSection(ExtensibilityGlobals) = postSolution
		SolutionGuid = {5FEB7197-189B-4825-AB0E-393A2DD1AA4F}
	EndGlobalSection
EndGlobal
