
Microsoft Visual Studio Solution File, Format Version 12.00
# Visual Studio Version 17
VisualStudioVersion = 17.0.32112.339
MinimumVisualStudioVersion = 10.0.40219.1
Project("{FAE04EC0-301F-11D3-BF4B-00C04F79EFBC}") = "Lowercase", "Lowercase.csproj", "{3C91748B-9CD9-4E92-BC65-94A52E29E906}"
EndProject
Global
	GlobalSection(SolutionConfigurationPlatforms) = preSolution
		Debug|Any CPU = Debug|Any CPU
		Release|Any CPU = Release|Any CPU
	EndGlobalSection
	GlobalSection(ProjectConfigurationPlatforms) = postSolution
		{3C91748B-9CD9-4E92-BC65-94A52E29E906}.Debug|Any CPU.ActiveCfg = Debug|Any CPU
		{3C91748B-9CD9-4E92-BC65-94A52E29E906}.Debug|Any CPU.Build.0 = Debug|Any CPU
		{3C91748B-9CD9-4E92-BC65-94A52E29E906}.Release|Any CPU.ActiveCfg = Release|Any CPU
		{3C91748B-9CD9-4E92-BC65-94A52E29E906}.Release|Any CPU.Build.0 = Release|Any CPU
	EndGlobalSection
	GlobalSection(SolutionProperties) = preSolution
		HideSolutionNode = FALSE
	EndGlobalSection
	GlobalSection(ExtensibilityGlobals) = postSolution
		SolutionGuid = {2EA97CFC-AC79-489E-A370-21946869A47C}
	EndGlobalSection
EndGlobal
